
Microsoft Visual Studio Solution File, Format Version 12.00
# Visual Studio Version 16
VisualStudioVersion = 16.0.34601.136
MinimumVisualStudioVersion = 10.0.40219.1
Project("{9A19103F-16F7-4668-BE54-9A1E7A4F7556}") = "DataAccess", "DataAccess\DataAccess.csproj", "{9815AE78-7F3E-4650-AF59-AF7CD573AF6F}"
EndProject
Project("{9A19103F-16F7-4668-BE54-9A1E7A4F7556}") = "Entities", "Entities\Entities.csproj", "{C92195F8-6770-4500-B807-E71C4BC7C443}"
EndProject
Project("{9A19103F-16F7-4668-BE54-9A1E7A4F7556}") = "Business", "Business\Business.csproj", "{FEA588C2-E537-44F7-810E-278D4C7539DD}"
EndProject
Project("{9A19103F-16F7-4668-BE54-9A1E7A4F7556}") = "ConsoleIU", "ConsoleIU\ConsoleIU.csproj", "{432F973D-0ADB-4815-90DD-294CFE70DA94}"
EndProject
Project("{FAE04EC0-301F-11D3-BF4B-00C04F79EFBC}") = "Core", "Core\Core.csproj", "{B64D2B5E-8358-43B2-A55A-C4A0F6E96FC3}"
EndProject
Global
	GlobalSection(SolutionConfigurationPlatforms) = preSolution
		Debug|Any CPU = Debug|Any CPU
		Release|Any CPU = Release|Any CPU
	EndGlobalSection
	GlobalSection(ProjectConfigurationPlatforms) = postSolution
		{9815AE78-7F3E-4650-AF59-AF7CD573AF6F}.Debug|Any CPU.ActiveCfg = Debug|Any CPU
		{9815AE78-7F3E-4650-AF59-AF7CD573AF6F}.Debug|Any CPU.Build.0 = Debug|Any CPU
		{9815AE78-7F3E-4650-AF59-AF7CD573AF6F}.Release|Any CPU.ActiveCfg = Release|Any CPU
		{9815AE78-7F3E-4650-AF59-AF7CD573AF6F}.Release|Any CPU.Build.0 = Release|Any CPU
		{C92195F8-6770-4500-B807-E71C4BC7C443}.Debug|Any CPU.ActiveCfg = Debug|Any CPU
		{C92195F8-6770-4500-B807-E71C4BC7C443}.Debug|Any CPU.Build.0 = Debug|Any CPU
		{C92195F8-6770-4500-B807-E71C4BC7C443}.Release|Any CPU.ActiveCfg = Release|Any CPU
		{C92195F8-6770-4500-B807-E71C4BC7C443}.Release|Any CPU.Build.0 = Release|Any CPU
		{FEA588C2-E537-44F7-810E-278D4C7539DD}.Debug|Any CPU.ActiveCfg = Debug|Any CPU
		{FEA588C2-E537-44F7-810E-278D4C7539DD}.Debug|Any CPU.Build.0 = Debug|Any CPU
		{FEA588C2-E537-44F7-810E-278D4C7539DD}.Release|Any CPU.ActiveCfg = Release|Any CPU
		{FEA588C2-E537-44F7-810E-278D4C7539DD}.Release|Any CPU.Build.0 = Release|Any CPU
		{432F973D-0ADB-4815-90DD-294CFE70DA94}.Debug|Any CPU.ActiveCfg = Debug|Any CPU
		{432F973D-0ADB-4815-90DD-294CFE70DA94}.Debug|Any CPU.Build.0 = Debug|Any CPU
		{432F973D-0ADB-4815-90DD-294CFE70DA94}.Release|Any CPU.ActiveCfg = Release|Any CPU
		{432F973D-0ADB-4815-90DD-294CFE70DA94}.Release|Any CPU.Build.0 = Release|Any CPU
		{B64D2B5E-8358-43B2-A55A-C4A0F6E96FC3}.Debug|Any CPU.ActiveCfg = Debug|Any CPU
		{B64D2B5E-8358-43B2-A55A-C4A0F6E96FC3}.Debug|Any CPU.Build.0 = Debug|Any CPU
		{B64D2B5E-8358-43B2-A55A-C4A0F6E96FC3}.Release|Any CPU.ActiveCfg = Release|Any CPU
		{B64D2B5E-8358-43B2-A55A-C4A0F6E96FC3}.Release|Any CPU.Build.0 = Release|Any CPU
	EndGlobalSection
	GlobalSection(SolutionProperties) = preSolution
		HideSolutionNode = FALSE
	EndGlobalSection
	GlobalSection(ExtensibilityGlobals) = postSolution
		SolutionGuid = {5099DF98-D65A-490E-B8A0-2D4DDD605D1C}
	EndGlobalSection
EndGlobal
